// !$*UTF8*$!
{
	archiveVersion = 1;
	classes = {
	};
	objectVersion = 50;
	objects = {

/* Begin PBXBuildFile section */
		1A54B4B624F6656A00E10982 /* AppDelegate.swift in Sources */ = {isa = PBXBuildFile; fileRef = 1A54B4B524F6656A00E10982 /* AppDelegate.swift */; };
		1A54B4B824F6656A00E10982 /* SceneDelegate.swift in Sources */ = {isa = PBXBuildFile; fileRef = 1A54B4B724F6656A00E10982 /* SceneDelegate.swift */; };
		1A54B4BA24F6656A00E10982 /* ContentView.swift in Sources */ = {isa = PBXBuildFile; fileRef = 1A54B4B924F6656A00E10982 /* ContentView.swift */; };
		1A54B4BC24F6656B00E10982 /* Assets.xcassets in Resources */ = {isa = PBXBuildFile; fileRef = 1A54B4BB24F6656B00E10982 /* Assets.xcassets */; };
		1A54B4BF24F6656B00E10982 /* Preview Assets.xcassets in Resources */ = {isa = PBXBuildFile; fileRef = 1A54B4BE24F6656B00E10982 /* Preview Assets.xcassets */; };
		1A54B4C224F6656B00E10982 /* LaunchScreen.storyboard in Resources */ = {isa = PBXBuildFile; fileRef = 1A54B4C024F6656B00E10982 /* LaunchScreen.storyboard */; };
		1A54B4CB24F6685C00E10982 /* NetworkManager.swift in Sources */ = {isa = PBXBuildFile; fileRef = 1A54B4CA24F6685C00E10982 /* NetworkManager.swift */; };
		1A54B4CD24F669D600E10982 /* PostData.swift in Sources */ = {isa = PBXBuildFile; fileRef = 1A54B4CC24F669D600E10982 /* PostData.swift */; };
		1A54B4D024F7B00000E10982 /* DetailView.swift in Sources */ = {isa = PBXBuildFile; fileRef = 1A54B4CF24F7B00000E10982 /* DetailView.swift */; };
		1A54B4D224F7B42F00E10982 /* WebView.swift in Sources */ = {isa = PBXBuildFile; fileRef = 1A54B4D124F7B42F00E10982 /* WebView.swift */; };
/* End PBXBuildFile section */

/* Begin PBXFileReference section */
		1A54B4B224F6656A00E10982 /* H4X0R News.app */ = {isa = PBXFileReference; explicitFileType = wrapper.application; includeInIndex = 0; path = "H4X0R News.app"; sourceTree = BUILT_PRODUCTS_DIR; };
		1A54B4B524F6656A00E10982 /* AppDelegate.swift */ = {isa = PBXFileReference; lastKnownFileType = sourcecode.swift; path = AppDelegate.swift; sourceTree = "<group>"; };
		1A54B4B724F6656A00E10982 /* SceneDelegate.swift */ = {isa = PBXFileReference; lastKnownFileType = sourcecode.swift; path = SceneDelegate.swift; sourceTree = "<group>"; };
		1A54B4B924F6656A00E10982 /* ContentView.swift */ = {isa = PBXFileReference; lastKnownFileType = sourcecode.swift; path = ContentView.swift; sourceTree = "<group>"; };
		1A54B4BB24F6656B00E10982 /* Assets.xcassets */ = {isa = PBXFileReference; lastKnownFileType = folder.assetcatalog; path = Assets.xcassets; sourceTree = "<group>"; };
		1A54B4BE24F6656B00E10982 /* Preview Assets.xcassets */ = {isa = PBXFileReference; lastKnownFileType = folder.assetcatalog; path = "Preview Assets.xcassets"; sourceTree = "<group>"; };
		1A54B4C124F6656B00E10982 /* Base */ = {isa = PBXFileReference; lastKnownFileType = file.storyboard; name = Base; path = Base.lproj/LaunchScreen.storyboard; sourceTree = "<group>"; };
		1A54B4C324F6656B00E10982 /* Info.plist */ = {isa = PBXFileReference; lastKnownFileType = text.plist.xml; path = Info.plist; sourceTree = "<group>"; };
		1A54B4CA24F6685C00E10982 /* NetworkManager.swift */ = {isa = PBXFileReference; lastKnownFileType = sourcecode.swift; path = NetworkManager.swift; sourceTree = "<group>"; };
		1A54B4CC24F669D600E10982 /* PostData.swift */ = {isa = PBXFileReference; lastKnownFileType = sourcecode.swift; path = PostData.swift; sourceTree = "<group>"; };
		1A54B4CF24F7B00000E10982 /* DetailView.swift */ = {isa = PBXFileReference; lastKnownFileType = sourcecode.swift; path = DetailView.swift; sourceTree = "<group>"; };
		1A54B4D124F7B42F00E10982 /* WebView.swift */ = {isa = PBXFileReference; lastKnownFileType = sourcecode.swift; path = WebView.swift; sourceTree = "<group>"; };
		1A54B4D324F7E35F00E10982 /* H4X0R News.entitlements */ = {isa = PBXFileReference; lastKnownFileType = text.plist.entitlements; path = "H4X0R News.entitlements"; sourceTree = "<group>"; };
/* End PBXFileReference section */

/* Begin PBXFrameworksBuildPhase section */
		1A54B4AF24F6656A00E10982 /* Frameworks */ = {
			isa = PBXFrameworksBuildPhase;
			buildActionMask = 2147483647;
			files = (
			);
			runOnlyForDeploymentPostprocessing = 0;
		};
/* End PBXFrameworksBuildPhase section */

/* Begin PBXGroup section */
		1A54B4A924F6656A00E10982 = {
			isa = PBXGroup;
			children = (
				1A54B4B424F6656A00E10982 /* H4X0R News */,
				1A54B4B324F6656A00E10982 /* Products */,
			);
			sourceTree = "<group>";
		};
		1A54B4B324F6656A00E10982 /* Products */ = {
			isa = PBXGroup;
			children = (
				1A54B4B224F6656A00E10982 /* H4X0R News.app */,
			);
			name = Products;
			sourceTree = "<group>";
		};
		1A54B4B424F6656A00E10982 /* H4X0R News */ = {
			isa = PBXGroup;
			children = (
				1A54B4D324F7E35F00E10982 /* H4X0R News.entitlements */,
				1A54B4B524F6656A00E10982 /* AppDelegate.swift */,
				1A54B4B724F6656A00E10982 /* SceneDelegate.swift */,
				1A54B4CE24F7AFE000E10982 /* Views */,
				1A54B4C924F6682900E10982 /* Models */,
				1A54B4BB24F6656B00E10982 /* Assets.xcassets */,
				1A54B4C024F6656B00E10982 /* LaunchScreen.storyboard */,
				1A54B4C324F6656B00E10982 /* Info.plist */,
				1A54B4BD24F6656B00E10982 /* Preview Content */,
			);
			path = "H4X0R News";
			sourceTree = "<group>";
		};
		1A54B4BD24F6656B00E10982 /* Preview Content */ = {
			isa = PBXGroup;
			children = (
				1A54B4BE24F6656B00E10982 /* Preview Assets.xcassets */,
			);
			path = "Preview Content";
			sourceTree = "<group>";
		};
		1A54B4C924F6682900E10982 /* Models */ = {
			isa = PBXGroup;
			children = (
				1A54B4CA24F6685C00E10982 /* NetworkManager.swift */,
				1A54B4CC24F669D600E10982 /* PostData.swift */,
			);
			path = Models;
			sourceTree = "<group>";
		};
		1A54B4CE24F7AFE000E10982 /* Views */ = {
			isa = PBXGroup;
			children = (
				1A54B4B924F6656A00E10982 /* ContentView.swift */,
				1A54B4CF24F7B00000E10982 /* DetailView.swift */,
				1A54B4D124F7B42F00E10982 /* WebView.swift */,
			);
			path = Views;
			sourceTree = "<group>";
		};
/* End PBXGroup section */

/* Begin PBXNativeTarget section */
		1A54B4B124F6656A00E10982 /* H4X0R News */ = {
			isa = PBXNativeTarget;
			buildConfigurationList = 1A54B4C624F6656B00E10982 /* Build configuration list for PBXNativeTarget "H4X0R News" */;
			buildPhases = (
				1A54B4AE24F6656A00E10982 /* Sources */,
				1A54B4AF24F6656A00E10982 /* Frameworks */,
				1A54B4B024F6656A00E10982 /* Resources */,
			);
			buildRules = (
			);
			dependencies = (
			);
			name = "H4X0R News";
			productName = "H4X0R News";
			productReference = 1A54B4B224F6656A00E10982 /* H4X0R News.app */;
			productType = "com.apple.product-type.application";
		};
/* End PBXNativeTarget section */

/* Begin PBXProject section */
		1A54B4AA24F6656A00E10982 /* Project object */ = {
			isa = PBXProject;
			attributes = {
				LastSwiftUpdateCheck = 1160;
				LastUpgradeCheck = 1160;
				ORGANIZATIONNAME = "María Fernanda Bracho Salazar";
				TargetAttributes = {
					1A54B4B124F6656A00E10982 = {
						CreatedOnToolsVersion = 11.6;
					};
				};
			};
			buildConfigurationList = 1A54B4AD24F6656A00E10982 /* Build configuration list for PBXProject "H4X0R News" */;
			compatibilityVersion = "Xcode 9.3";
			developmentRegion = en;
			hasScannedForEncodings = 0;
			knownRegions = (
				en,
				Base,
			);
			mainGroup = 1A54B4A924F6656A00E10982;
			productRefGroup = 1A54B4B324F6656A00E10982 /* Products */;
			projectDirPath = "";
			projectRoot = "";
			targets = (
				1A54B4B124F6656A00E10982 /* H4X0R News */,
			);
		};
/* End PBXProject section */

/* Begin PBXResourcesBuildPhase section */
		1A54B4B024F6656A00E10982 /* Resources */ = {
			isa = PBXResourcesBuildPhase;
			buildActionMask = 2147483647;
			files = (
				1A54B4C224F6656B00E10982 /* LaunchScreen.storyboard in Resources */,
				1A54B4BF24F6656B00E10982 /* Preview Assets.xcassets in Resources */,
				1A54B4BC24F6656B00E10982 /* Assets.xcassets in Resources */,
			);
			runOnlyForDeploymentPostprocessing = 0;
		};
/* End PBXResourcesBuildPhase section */

/* Begin PBXSourcesBuildPhase section */
		1A54B4AE24F6656A00E10982 /* Sources */ = {
			isa = PBXSourcesBuildPhase;
			buildActionMask = 2147483647;
			files = (
				1A54B4CD24F669D600E10982 /* PostData.swift in Sources */,
				1A54B4D024F7B00000E10982 /* DetailView.swift in Sources */,
				1A54B4CB24F6685C00E10982 /* NetworkManager.swift in Sources */,
				1A54B4B624F6656A00E10982 /* AppDelegate.swift in Sources */,
				1A54B4B824F6656A00E10982 /* SceneDelegate.swift in Sources */,
				1A54B4BA24F6656A00E10982 /* ContentView.swift in Sources */,
				1A54B4D224F7B42F00E10982 /* WebView.swift in Sources */,
			);
			runOnlyForDeploymentPostprocessing = 0;
		};
/* End PBXSourcesBuildPhase section */

/* Begin PBXVariantGroup section */
		1A54B4C024F6656B00E10982 /* LaunchScreen.storyboard */ = {
			isa = PBXVariantGroup;
			children = (
				1A54B4C124F6656B00E10982 /* Base */,
			);
			name = LaunchScreen.storyboard;
			sourceTree = "<group>";
		};
/* End PBXVariantGroup section */

/* Begin XCBuildConfiguration section */
		1A54B4C424F6656B00E10982 /* Debug */ = {
			isa = XCBuildConfiguration;
			buildSettings = {
				ALWAYS_SEARCH_USER_PATHS = NO;
				CLANG_ANALYZER_NONNULL = YES;
				CLANG_ANALYZER_NUMBER_OBJECT_CONVERSION = YES_AGGRESSIVE;
				CLANG_CXX_LANGUAGE_STANDARD = "gnu++14";
				CLANG_CXX_LIBRARY = "libc++";
				CLANG_ENABLE_MODULES = YES;
				CLANG_ENABLE_OBJC_ARC = YES;
				CLANG_ENABLE_OBJC_WEAK = YES;
				CLANG_WARN_BLOCK_CAPTURE_AUTORELEASING = YES;
				CLANG_WARN_BOOL_CONVERSION = YES;
				CLANG_WARN_COMMA = YES;
				CLANG_WARN_CONSTANT_CONVERSION = YES;
				CLANG_WARN_DEPRECATED_OBJC_IMPLEMENTATIONS = YES;
				CLANG_WARN_DIRECT_OBJC_ISA_USAGE = YES_ERROR;
				CLANG_WARN_DOCUMENTATION_COMMENTS = YES;
				CLANG_WARN_EMPTY_BODY = YES;
				CLANG_WARN_ENUM_CONVERSION = YES;
				CLANG_WARN_INFINITE_RECURSION = YES;
				CLANG_WARN_INT_CONVERSION = YES;
				CLANG_WARN_NON_LITERAL_NULL_CONVERSION = YES;
				CLANG_WARN_OBJC_IMPLICIT_RETAIN_SELF = YES;
				CLANG_WARN_OBJC_LITERAL_CONVERSION = YES;
				CLANG_WARN_OBJC_ROOT_CLASS = YES_ERROR;
				CLANG_WARN_RANGE_LOOP_ANALYSIS = YES;
				CLANG_WARN_STRICT_PROTOTYPES = YES;
				CLANG_WARN_SUSPICIOUS_MOVE = YES;
				CLANG_WARN_UNGUARDED_AVAILABILITY = YES_AGGRESSIVE;
				CLANG_WARN_UNREACHABLE_CODE = YES;
				CLANG_WARN__DUPLICATE_METHOD_MATCH = YES;
				COPY_PHASE_STRIP = NO;
				DEBUG_INFORMATION_FORMAT = dwarf;
				ENABLE_STRICT_OBJC_MSGSEND = YES;
				ENABLE_TESTABILITY = YES;
				GCC_C_LANGUAGE_STANDARD = gnu11;
				GCC_DYNAMIC_NO_PIC = NO;
				GCC_NO_COMMON_BLOCKS = YES;
				GCC_OPTIMIZATION_LEVEL = 0;
				GCC_PREPROCESSOR_DEFINITIONS = (
					"DEBUG=1",
					"$(inherited)",
				);
				GCC_WARN_64_TO_32_BIT_CONVERSION = YES;
				GCC_WARN_ABOUT_RETURN_TYPE = YES_ERROR;
				GCC_WARN_UNDECLARED_SELECTOR = YES;
				GCC_WARN_UNINITIALIZED_AUTOS = YES_AGGRESSIVE;
				GCC_WARN_UNUSED_FUNCTION = YES;
				GCC_WARN_UNUSED_VARIABLE = YES;
				IPHONEOS_DEPLOYMENT_TARGET = 13.6;
				MTL_ENABLE_DEBUG_INFO = INCLUDE_SOURCE;
				MTL_FAST_MATH = YES;
				ONLY_ACTIVE_ARCH = YES;
				SDKROOT = iphoneos;
				SWIFT_ACTIVE_COMPILATION_CONDITIONS = DEBUG;
				SWIFT_OPTIMIZATION_LEVEL = "-Onone";
			};
			name = Debug;
		};
		1A54B4C524F6656B00E10982 /* Release */ = {
			isa = XCBuildConfiguration;
			buildSettings = {
				ALWAYS_SEARCH_USER_PATHS = NO;
				CLANG_ANALYZER_NONNULL = YES;
				CLANG_ANALYZER_NUMBER_OBJECT_CONVERSION = YES_AGGRESSIVE;
				CLANG_CXX_LANGUAGE_STANDARD = "gnu++14";
				CLANG_CXX_LIBRARY = "libc++";
				CLANG_ENABLE_MODULES = YES;
				CLANG_ENABLE_OBJC_ARC = YES;
				CLANG_ENABLE_OBJC_WEAK = YES;
				CLANG_WARN_BLOCK_CAPTURE_AUTORELEASING = YES;
				CLANG_WARN_BOOL_CONVERSION = YES;
				CLANG_WARN_COMMA = YES;
				CLANG_WARN_CONSTANT_CONVERSION = YES;
				CLANG_WARN_DEPRECATED_OBJC_IMPLEMENTATIONS = YES;
				CLANG_WARN_DIRECT_OBJC_ISA_USAGE = YES_ERROR;
				CLANG_WARN_DOCUMENTATION_COMMENTS = YES;
				CLANG_WARN_EMPTY_BODY = YES;
				CLANG_WARN_ENUM_CONVERSION = YES;
				CLANG_WARN_INFINITE_RECURSION = YES;
				CLANG_WARN_INT_CONVERSION = YES;
				CLANG_WARN_NON_LITERAL_NULL_CONVERSION = YES;
				CLANG_WARN_OBJC_IMPLICIT_RETAIN_SELF = YES;
				CLANG_WARN_OBJC_LITERAL_CONVERSION = YES;
				CLANG_WARN_OBJC_ROOT_CLASS = YES_ERROR;
				CLANG_WARN_RANGE_LOOP_ANALYSIS = YES;
				CLANG_WARN_STRICT_PROTOTYPES = YES;
				CLANG_WARN_SUSPICIOUS_MOVE = YES;
				CLANG_WARN_UNGUARDED_AVAILABILITY = YES_AGGRESSIVE;
				CLANG_WARN_UNREACHABLE_CODE = YES;
				CLANG_WARN__DUPLICATE_METHOD_MATCH = YES;
				COPY_PHASE_STRIP = NO;
				DEBUG_INFORMATION_FORMAT = "dwarf-with-dsym";
				ENABLE_NS_ASSERTIONS = NO;
				ENABLE_STRICT_OBJC_MSGSEND = YES;
				GCC_C_LANGUAGE_STANDARD = gnu11;
				GCC_NO_COMMON_BLOCKS = YES;
				GCC_WARN_64_TO_32_BIT_CONVERSION = YES;
				GCC_WARN_ABOUT_RETURN_TYPE = YES_ERROR;
				GCC_WARN_UNDECLARED_SELECTOR = YES;
				GCC_WARN_UNINITIALIZED_AUTOS = YES_AGGRESSIVE;
				GCC_WARN_UNUSED_FUNCTION = YES;
				GCC_WARN_UNUSED_VARIABLE = YES;
				IPHONEOS_DEPLOYMENT_TARGET = 13.6;
				MTL_ENABLE_DEBUG_INFO = NO;
				MTL_FAST_MATH = YES;
				SDKROOT = iphoneos;
				SWIFT_COMPILATION_MODE = wholemodule;
				SWIFT_OPTIMIZATION_LEVEL = "-O";
				VALIDATE_PRODUCT = YES;
			};
			name = Release;
		};
		1A54B4C724F6656B00E10982 /* Debug */ = {
			isa = XCBuildConfiguration;
			buildSettings = {
				ASSETCATALOG_COMPILER_APPICON_NAME = AppIcon;
				CODE_SIGN_ENTITLEMENTS = "H4X0R News/H4X0R News.entitlements";
				CODE_SIGN_STYLE = Automatic;
				DEVELOPMENT_ASSET_PATHS = "\"H4X0R News/Preview Content\"";
				DEVELOPMENT_TEAM = YMLJ84CN86;
				ENABLE_PREVIEWS = YES;
				INFOPLIST_FILE = "H4X0R News/Info.plist";
				LD_RUNPATH_SEARCH_PATHS = (
					"$(inherited)",
					"@executable_path/Frameworks",
				);
				PRODUCT_BUNDLE_IDENTIFIER = "com.mfbs.H4X0R-News";
				PRODUCT_NAME = "$(TARGET_NAME)";
				SUPPORTS_MACCATALYST = YES;
				SWIFT_VERSION = 5.0;
				TARGETED_DEVICE_FAMILY = "1,2";
			};
			name = Debug;
		};
		1A54B4C824F6656B00E10982 /* Release */ = {
			isa = XCBuildConfiguration;
			buildSettings = {
				ASSETCATALOG_COMPILER_APPICON_NAME = AppIcon;
				CODE_SIGN_ENTITLEMENTS = "H4X0R News/H4X0R News.entitlements";
				CODE_SIGN_STYLE = Automatic;
				DEVELOPMENT_ASSET_PATHS = "\"H4X0R News/Preview Content\"";
				DEVELOPMENT_TEAM = YMLJ84CN86;
				ENABLE_PREVIEWS = YES;
				INFOPLIST_FILE = "H4X0R News/Info.plist";
				LD_RUNPATH_SEARCH_PATHS = (
					"$(inherited)",
					"@executable_path/Frameworks",
				);
				PRODUCT_BUNDLE_IDENTIFIER = "com.mfbs.H4X0R-News";
				PRODUCT_NAME = "$(TARGET_NAME)";
				SUPPORTS_MACCATALYST = YES;
				SWIFT_VERSION = 5.0;
				TARGETED_DEVICE_FAMILY = "1,2";
			};
			name = Release;
		};
/* End XCBuildConfiguration section */

/* Begin XCConfigurationList section */
		1A54B4AD24F6656A00E10982 /* Build configuration list for PBXProject "H4X0R News" */ = {
			isa = XCConfigurationList;
			buildConfigurations = (
				1A54B4C424F6656B00E10982 /* Debug */,
				1A54B4C524F6656B00E10982 /* Release */,
			);
			defaultConfigurationIsVisible = 0;
			defaultConfigurationName = Release;
		};
		1A54B4C624F6656B00E10982 /* Build configuration list for PBXNativeTarget "H4X0R News" */ = {
			isa = XCConfigurationList;
			buildConfigurations = (
				1A54B4C724F6656B00E10982 /* Debug */,
				1A54B4C824F6656B00E10982 /* Release */,
			);
			defaultConfigurationIsVisible = 0;
			defaultConfigurationName = Release;
		};
/* End XCConfigurationList section */
	};
	rootObject = 1A54B4AA24F6656A00E10982 /* Project object */;
}
